
Microsoft Visual Studio Solution File, Format Version 12.00
# Visual Studio Version 17
VisualStudioVersion = 17.3.32922.545
MinimumVisualStudioVersion = 10.0.40219.1
Project("{9A19103F-16F7-4668-BE54-9A1E7A4F7556}") = "KD12NTierApp.Api", "KD12NTierApp.Api\KD12NTierApp.Api.csproj", "{973C543B-BBEB-4998-B519-438DD4E5659E}"
EndProject
Project("{9A19103F-16F7-4668-BE54-9A1E7A4F7556}") = "KD12NTierApp.Core", "KD12NTierApp.Core\KD12NTierApp.Core.csproj", "{CF905682-987C-47E5-8ED7-64B43AB3B5D6}"
EndProject
Project("{9A19103F-16F7-4668-BE54-9A1E7A4F7556}") = "KD12NTierApp.Entities", "KD12NTierApp.Entities\KD12NTierApp.Entities.csproj", "{BE1CBCD8-2F96-4A35-98A1-58096F546EFA}"
EndProject
Project("{9A19103F-16F7-4668-BE54-9A1E7A4F7556}") = "KD12NTierApp.DataAccess", "KD12NTierApp.DataAccess\KD12NTierApp.DataAccess.csproj", "{A54190F2-C83A-4734-A3D2-567D630C2083}"
EndProject
Project("{9A19103F-16F7-4668-BE54-9A1E7A4F7556}") = "KD12NTierApp.Bussiness", "KD12NTierApp.Bussiness\KD12NTierApp.Bussiness.csproj", "{A5E18955-1B94-4D54-9F04-8C325F26C6A6}"
EndProject
Project("{FAE04EC0-301F-11D3-BF4B-00C04F79EFBC}") = "KD12NTierApp.UI", "KD12NTierApp.UI\KD12NTierApp.UI.csproj", "{F3ACAC66-D1E1-4D6C-84A0-B62E18692101}"
EndProject
Global
	GlobalSection(SolutionConfigurationPlatforms) = preSolution
		Debug|Any CPU = Debug|Any CPU
		Release|Any CPU = Release|Any CPU
	EndGlobalSection
	GlobalSection(ProjectConfigurationPlatforms) = postSolution
		{973C543B-BBEB-4998-B519-438DD4E5659E}.Debug|Any CPU.ActiveCfg = Debug|Any CPU
		{973C543B-BBEB-4998-B519-438DD4E5659E}.Debug|Any CPU.Build.0 = Debug|Any CPU
		{973C543B-BBEB-4998-B519-438DD4E5659E}.Release|Any CPU.ActiveCfg = Release|Any CPU
		{973C543B-BBEB-4998-B519-438DD4E5659E}.Release|Any CPU.Build.0 = Release|Any CPU
		{CF905682-987C-47E5-8ED7-64B43AB3B5D6}.Debug|Any CPU.ActiveCfg = Debug|Any CPU
		{CF905682-987C-47E5-8ED7-64B43AB3B5D6}.Debug|Any CPU.Build.0 = Debug|Any CPU
		{CF905682-987C-47E5-8ED7-64B43AB3B5D6}.Release|Any CPU.ActiveCfg = Release|Any CPU
		{CF905682-987C-47E5-8ED7-64B43AB3B5D6}.Release|Any CPU.Build.0 = Release|Any CPU
		{BE1CBCD8-2F96-4A35-98A1-58096F546EFA}.Debug|Any CPU.ActiveCfg = Debug|Any CPU
		{BE1CBCD8-2F96-4A35-98A1-58096F546EFA}.Debug|Any CPU.Build.0 = Debug|Any CPU
		{BE1CBCD8-2F96-4A35-98A1-58096F546EFA}.Release|Any CPU.ActiveCfg = Release|Any CPU
		{BE1CBCD8-2F96-4A35-98A1-58096F546EFA}.Release|Any CPU.Build.0 = Release|Any CPU
		{A54190F2-C83A-4734-A3D2-567D630C2083}.Debug|Any CPU.ActiveCfg = Debug|Any CPU
		{A54190F2-C83A-4734-A3D2-567D630C2083}.Debug|Any CPU.Build.0 = Debug|Any CPU
		{A54190F2-C83A-4734-A3D2-567D630C2083}.Release|Any CPU.ActiveCfg = Release|Any CPU
		{A54190F2-C83A-4734-A3D2-567D630C2083}.Release|Any CPU.Build.0 = Release|Any CPU
		{A5E18955-1B94-4D54-9F04-8C325F26C6A6}.Debug|Any CPU.ActiveCfg = Debug|Any CPU
		{A5E18955-1B94-4D54-9F04-8C325F26C6A6}.Debug|Any CPU.Build.0 = Debug|Any CPU
		{A5E18955-1B94-4D54-9F04-8C325F26C6A6}.Release|Any CPU.ActiveCfg = Release|Any CPU
		{A5E18955-1B94-4D54-9F04-8C325F26C6A6}.Release|Any CPU.Build.0 = Release|Any CPU
		{F3ACAC66-D1E1-4D6C-84A0-B62E18692101}.Debug|Any CPU.ActiveCfg = Debug|Any CPU
		{F3ACAC66-D1E1-4D6C-84A0-B62E18692101}.Debug|Any CPU.Build.0 = Debug|Any CPU
		{F3ACAC66-D1E1-4D6C-84A0-B62E18692101}.Release|Any CPU.ActiveCfg = Release|Any CPU
		{F3ACAC66-D1E1-4D6C-84A0-B62E18692101}.Release|Any CPU.Build.0 = Release|Any CPU
	EndGlobalSection
	GlobalSection(SolutionProperties) = preSolution
		HideSolutionNode = FALSE
	EndGlobalSection
	GlobalSection(ExtensibilityGlobals) = postSolution
		SolutionGuid = {DE0A612C-CD66-4B5D-8D12-20E2A5C4C890}
	EndGlobalSection
EndGlobal
